
Microsoft Visual Studio Solution File, Format Version 12.00
# Visual Studio Version 16
VisualStudioVersion = 16.0.31829.152
MinimumVisualStudioVersion = 10.0.40219.1
Project("{FAE04EC0-301F-11D3-BF4B-00C04F79EFBC}") = "QLHH", "QLHH\QLHH.csproj", "{24E757A5-6172-4B85-A01F-1012B9CEACBD}"
EndProject
Global
	GlobalSection(SolutionConfigurationPlatforms) = preSolution
		Debug|Any CPU = Debug|Any CPU
		Release|Any CPU = Release|Any CPU
	EndGlobalSection
	GlobalSection(ProjectConfigurationPlatforms) = postSolution
		{24E757A5-6172-4B85-A01F-1012B9CEACBD}.Debug|Any CPU.ActiveCfg = Debug|Any CPU
		{24E757A5-6172-4B85-A01F-1012B9CEACBD}.Debug|Any CPU.Build.0 = Debug|Any CPU
		{24E757A5-6172-4B85-A01F-1012B9CEACBD}.Release|Any CPU.ActiveCfg = Release|Any CPU
		{24E757A5-6172-4B85-A01F-1012B9CEACBD}.Release|Any CPU.Build.0 = Release|Any CPU
	EndGlobalSection
	GlobalSection(SolutionProperties) = preSolution
		HideSolutionNode = FALSE
	EndGlobalSection
	GlobalSection(ExtensibilityGlobals) = postSolution
		SolutionGuid = {591F5A6B-C200-4618-B721-DE9F0F9F3953}
	EndGlobalSection
EndGlobal
